
Microsoft Visual Studio Solution File, Format Version 12.00
# Visual Studio Version 16
VisualStudioVersion = 16.0.29613.14
MinimumVisualStudioVersion = 10.0.40219.1
Project("{9A19103F-16F7-4668-BE54-9A1E7A4F7556}") = "TheLibrarianRpg", "TheLibrarianRpg\TheLibrarianRpg.csproj", "{8AECB7E0-2CD9-4DB8-8903-1CCA8FDE582C}"
EndProject
Global
	GlobalSection(SolutionConfigurationPlatforms) = preSolution
		Debug|Any CPU = Debug|Any CPU
		Release|Any CPU = Release|Any CPU
	EndGlobalSection
	GlobalSection(ProjectConfigurationPlatforms) = postSolution
		{8AECB7E0-2CD9-4DB8-8903-1CCA8FDE582C}.Debug|Any CPU.ActiveCfg = Debug|Any CPU
		{8AECB7E0-2CD9-4DB8-8903-1CCA8FDE582C}.Debug|Any CPU.Build.0 = Debug|Any CPU
		{8AECB7E0-2CD9-4DB8-8903-1CCA8FDE582C}.Release|Any CPU.ActiveCfg = Release|Any CPU
		{8AECB7E0-2CD9-4DB8-8903-1CCA8FDE582C}.Release|Any CPU.Build.0 = Release|Any CPU
	EndGlobalSection
	GlobalSection(SolutionProperties) = preSolution
		HideSolutionNode = FALSE
	EndGlobalSection
	GlobalSection(ExtensibilityGlobals) = postSolution
		SolutionGuid = {4F7E904E-5470-404B-B228-25FF78E9EBA3}
	EndGlobalSection
EndGlobal
